PODS:
  - Bolts (1.9.0):
    - Bolts/AppLinks (= 1.9.0)
    - Bolts/Tasks (= 1.9.0)
  - Bolts/AppLinks (1.9.0):
    - Bolts/Tasks
  - Bolts/Tasks (1.9.0)
  - FBSDKCoreKit (4.33.0):
    - Bolts (~> 1.7)
  - Flutter (1.0.0)
  - flutter_facebook (0.0.1):
    - FBSDKCoreKit
    - Flutter

DEPENDENCIES:
  - Flutter (from `.symlinks/flutter/ios`)
  - flutter_facebook (from `.symlinks/plugins/flutter_facebook/ios`)

SPEC REPOS:
  https://github.com/cocoapods/specs.git:
    - Bolts
    - FBSDKCoreKit

EXTERNAL SOURCES:
  Flutter:
    :path: ".symlinks/flutter/ios"
  flutter_facebook:
    :path: ".symlinks/plugins/flutter_facebook/ios"

SPEC CHECKSUMS:
  Bolts: ac6567323eac61e203f6a9763667d0f711be34c8
  FBSDKCoreKit: 572b047a7e029bc44542bcf8a59414e7ff2b543e
  Flutter: 58dd7d1b27887414a370fcccb9e645c08ffd7a6a
  flutter_facebook: 679dc63416d826ab75d833609c90a0109cde24ea

PODFILE CHECKSUM: aff02bfeed411c636180d6812254b2daeea14d09

COCOAPODS: 1.6.1
